
Microsoft Visual Studio Solution File, Format Version 12.00
# Visual Studio 15
VisualStudioVersion = 15.0.25807.0
MinimumVisualStudioVersion = 10.0.40219.1
Project("{2150E333-8FDC-42A3-9474-1A3956D46DE8}") = "Engine", "Engine", "{9F2D1841-9675-406F-8EF3-5EB7557013F7}"
EndProject
Project("{2150E333-8FDC-42A3-9474-1A3956D46DE8}") = "Games", "Games", "{91AAE950-A762-4411-B464-7A2347D68C91}"
EndProject
Project("{8BC9CEB8-8B4A-11D0-8D11-00A0C91BC942}") = "UE4", "Intermediate\ProjectFiles\UE4.vcxproj", "{812E0BC1-231B-4329-BE84-1B3B23F23331}"
EndProject
Project("{8BC9CEB8-8B4A-11D0-8D11-00A0C91BC942}") = "Milestone1", "Intermediate\ProjectFiles\Milestone1.vcxproj", "{CA9ABF1A-79A2-4A21-90E0-FA60472BDD95}"
EndProject
Project("{2150E333-8FDC-42A3-9474-1A3956D46DE8}") = "Visualizers", "Visualizers", "{D79E7143-DAED-4C25-BC40-CD976191457D}"
	ProjectSection(SolutionItems) = preProject
		..\..\..\..\Program Files\Epic Games\UE_4.22\Engine\Extras\VisualStudioDebugging\UE4.natvis = ..\..\..\..\Program Files\Epic Games\UE_4.22\Engine\Extras\VisualStudioDebugging\UE4.natvis
	EndProjectSection
EndProject
Global
	GlobalSection(SolutionConfigurationPlatforms) = preSolution
		DebugGame Editor|HTML5 = DebugGame Editor|HTML5
		DebugGame Editor|Win32 = DebugGame Editor|Win32
		DebugGame Editor|Win64 = DebugGame Editor|Win64
		DebugGame|HTML5 = DebugGame|HTML5
		DebugGame|Win32 = DebugGame|Win32
		DebugGame|Win64 = DebugGame|Win64
		Development Editor|HTML5 = Development Editor|HTML5
		Development Editor|Win32 = Development Editor|Win32
		Development Editor|Win64 = Development Editor|Win64
		Development|HTML5 = Development|HTML5
		Development|Win32 = Development|Win32
		Development|Win64 = Development|Win64
		Shipping|HTML5 = Shipping|HTML5
		Shipping|Win32 = Shipping|Win32
		Shipping|Win64 = Shipping|Win64
	EndGlobalSection
	GlobalSection(ProjectConfigurationPlatforms) = postSolution
		{812E0BC1-231B-4329-BE84-1B3B23F23331}.DebugGame Editor|HTML5.ActiveCfg = BuiltWithUnrealBuildTool|Win32
		{812E0BC1-231B-4329-BE84-1B3B23F23331}.DebugGame Editor|Win32.ActiveCfg = BuiltWithUnrealBuildTool|Win32
		{812E0BC1-231B-4329-BE84-1B3B23F23331}.DebugGame Editor|Win64.ActiveCfg = BuiltWithUnrealBuildTool|Win32
		{812E0BC1-231B-4329-BE84-1B3B23F23331}.DebugGame|HTML5.ActiveCfg = BuiltWithUnrealBuildTool|Win32
		{812E0BC1-231B-4329-BE84-1B3B23F23331}.DebugGame|Win32.ActiveCfg = BuiltWithUnrealBuildTool|Win32
		{812E0BC1-231B-4329-BE84-1B3B23F23331}.DebugGame|Win64.ActiveCfg = BuiltWithUnrealBuildTool|Win32
		{812E0BC1-231B-4329-BE84-1B3B23F23331}.Development Editor|HTML5.ActiveCfg = BuiltWithUnrealBuildTool|Win32
		{812E0BC1-231B-4329-BE84-1B3B23F23331}.Development Editor|Win32.ActiveCfg = BuiltWithUnrealBuildTool|Win32
		{812E0BC1-231B-4329-BE84-1B3B23F23331}.Development Editor|Win64.ActiveCfg = BuiltWithUnrealBuildTool|Win32
		{812E0BC1-231B-4329-BE84-1B3B23F23331}.Development|HTML5.ActiveCfg = BuiltWithUnrealBuildTool|Win32
		{812E0BC1-231B-4329-BE84-1B3B23F23331}.Development|Win32.ActiveCfg = BuiltWithUnrealBuildTool|Win32
		{812E0BC1-231B-4329-BE84-1B3B23F23331}.Development|Win64.ActiveCfg = BuiltWithUnrealBuildTool|Win32
		{812E0BC1-231B-4329-BE84-1B3B23F23331}.Shipping|HTML5.ActiveCfg = BuiltWithUnrealBuildTool|Win32
		{812E0BC1-231B-4329-BE84-1B3B23F23331}.Shipping|Win32.ActiveCfg = BuiltWithUnrealBuildTool|Win32
		{812E0BC1-231B-4329-BE84-1B3B23F23331}.Shipping|Win64.ActiveCfg = BuiltWithUnrealBuildTool|Win32
		{CA9ABF1A-79A2-4A21-90E0-FA60472BDD95}.DebugGame Editor|HTML5.ActiveCfg = Invalid|Win32
		{CA9ABF1A-79A2-4A21-90E0-FA60472BDD95}.DebugGame Editor|Win32.ActiveCfg = Invalid|Win32
		{CA9ABF1A-79A2-4A21-90E0-FA60472BDD95}.DebugGame Editor|Win64.ActiveCfg = DebugGame_Editor|x64
		{CA9ABF1A-79A2-4A21-90E0-FA60472BDD95}.DebugGame Editor|Win64.Build.0 = DebugGame_Editor|x64
		{CA9ABF1A-79A2-4A21-90E0-FA60472BDD95}.DebugGame|HTML5.ActiveCfg = HTML5_DebugGame|Win32
		{CA9ABF1A-79A2-4A21-90E0-FA60472BDD95}.DebugGame|HTML5.Build.0 = HTML5_DebugGame|Win32
		{CA9ABF1A-79A2-4A21-90E0-FA60472BDD95}.DebugGame|Win32.ActiveCfg = DebugGame|Win32
		{CA9ABF1A-79A2-4A21-90E0-FA60472BDD95}.DebugGame|Win32.Build.0 = DebugGame|Win32
		{CA9ABF1A-79A2-4A21-90E0-FA60472BDD95}.DebugGame|Win64.ActiveCfg = DebugGame|x64
		{CA9ABF1A-79A2-4A21-90E0-FA60472BDD95}.DebugGame|Win64.Build.0 = DebugGame|x64
		{CA9ABF1A-79A2-4A21-90E0-FA60472BDD95}.Development Editor|HTML5.ActiveCfg = Invalid|Win32
		{CA9ABF1A-79A2-4A21-90E0-FA60472BDD95}.Development Editor|Win32.ActiveCfg = Invalid|Win32
		{CA9ABF1A-79A2-4A21-90E0-FA60472BDD95}.Development Editor|Win64.ActiveCfg = Development_Editor|x64
		{CA9ABF1A-79A2-4A21-90E0-FA60472BDD95}.Development Editor|Win64.Build.0 = Development_Editor|x64
		{CA9ABF1A-79A2-4A21-90E0-FA60472BDD95}.Development|HTML5.ActiveCfg = HTML5_Development|Win32
		{CA9ABF1A-79A2-4A21-90E0-FA60472BDD95}.Development|HTML5.Build.0 = HTML5_Development|Win32
		{CA9ABF1A-79A2-4A21-90E0-FA60472BDD95}.Development|Win32.ActiveCfg = Development|Win32
		{CA9ABF1A-79A2-4A21-90E0-FA60472BDD95}.Development|Win32.Build.0 = Development|Win32
		{CA9ABF1A-79A2-4A21-90E0-FA60472BDD95}.Development|Win64.ActiveCfg = Development|x64
		{CA9ABF1A-79A2-4A21-90E0-FA60472BDD95}.Development|Win64.Build.0 = Development|x64
		{CA9ABF1A-79A2-4A21-90E0-FA60472BDD95}.Shipping|HTML5.ActiveCfg = HTML5_Shipping|Win32
		{CA9ABF1A-79A2-4A21-90E0-FA60472BDD95}.Shipping|HTML5.Build.0 = HTML5_Shipping|Win32
		{CA9ABF1A-79A2-4A21-90E0-FA60472BDD95}.Shipping|Win32.ActiveCfg = Shipping|Win32
		{CA9ABF1A-79A2-4A21-90E0-FA60472BDD95}.Shipping|Win32.Build.0 = Shipping|Win32
		{CA9ABF1A-79A2-4A21-90E0-FA60472BDD95}.Shipping|Win64.ActiveCfg = Shipping|x64
		{CA9ABF1A-79A2-4A21-90E0-FA60472BDD95}.Shipping|Win64.Build.0 = Shipping|x64
	EndGlobalSection
	GlobalSection(SolutionProperties) = preSolution
		HideSolutionNode = FALSE
	EndGlobalSection
	GlobalSection(NestedProjects) = preSolution
		{812E0BC1-231B-4329-BE84-1B3B23F23331} = {9F2D1841-9675-406F-8EF3-5EB7557013F7}
		{CA9ABF1A-79A2-4A21-90E0-FA60472BDD95} = {91AAE950-A762-4411-B464-7A2347D68C91}
	EndGlobalSection
EndGlobal
