
Microsoft Visual Studio Solution File, Format Version 12.00
# Visual Studio 15
VisualStudioVersion = 15.0.25807.0
MinimumVisualStudioVersion = 10.0.40219.1
Project("{2150E333-8FDC-42A3-9474-1A3956D46DE8}") = "Engine", "Engine", "{D7054A17-F0CE-429F-80B6-0829437A93B7}"
EndProject
Project("{2150E333-8FDC-42A3-9474-1A3956D46DE8}") = "Games", "Games", "{FD8F3319-68FF-400D-B4A5-1993583690F7}"
EndProject
Project("{8BC9CEB8-8B4A-11D0-8D11-00A0C91BC942}") = "UE4", "Intermediate\ProjectFiles\UE4.vcxproj", "{92573541-63A8-4F96-AD61-15014C53C83F}"
EndProject
Project("{8BC9CEB8-8B4A-11D0-8D11-00A0C91BC942}") = "Midterm", "Intermediate\ProjectFiles\Midterm.vcxproj", "{5FEF274B-D1D7-4D65-9AD9-C6ADF7C81794}"
EndProject
Project("{2150E333-8FDC-42A3-9474-1A3956D46DE8}") = "Visualizers", "Visualizers", "{245230F9-66AC-438A-9B61-9C98551400A0}"
	ProjectSection(SolutionItems) = preProject
		..\..\..\..\Program Files\Epic Games\UE_4.22\Engine\Extras\VisualStudioDebugging\UE4.natvis = ..\..\..\..\Program Files\Epic Games\UE_4.22\Engine\Extras\VisualStudioDebugging\UE4.natvis
	EndProjectSection
EndProject
Global
	GlobalSection(SolutionConfigurationPlatforms) = preSolution
		DebugGame Editor|HTML5 = DebugGame Editor|HTML5
		DebugGame Editor|Win32 = DebugGame Editor|Win32
		DebugGame Editor|Win64 = DebugGame Editor|Win64
		DebugGame|HTML5 = DebugGame|HTML5
		DebugGame|Win32 = DebugGame|Win32
		DebugGame|Win64 = DebugGame|Win64
		Development Editor|HTML5 = Development Editor|HTML5
		Development Editor|Win32 = Development Editor|Win32
		Development Editor|Win64 = Development Editor|Win64
		Development|HTML5 = Development|HTML5
		Development|Win32 = Development|Win32
		Development|Win64 = Development|Win64
		Shipping|HTML5 = Shipping|HTML5
		Shipping|Win32 = Shipping|Win32
		Shipping|Win64 = Shipping|Win64
	EndGlobalSection
	GlobalSection(ProjectConfigurationPlatforms) = postSolution
		{92573541-63A8-4F96-AD61-15014C53C83F}.DebugGame Editor|HTML5.ActiveCfg = BuiltWithUnrealBuildTool|Win32
		{92573541-63A8-4F96-AD61-15014C53C83F}.DebugGame Editor|Win32.ActiveCfg = BuiltWithUnrealBuildTool|Win32
		{92573541-63A8-4F96-AD61-15014C53C83F}.DebugGame Editor|Win64.ActiveCfg = BuiltWithUnrealBuildTool|Win32
		{92573541-63A8-4F96-AD61-15014C53C83F}.DebugGame|HTML5.ActiveCfg = BuiltWithUnrealBuildTool|Win32
		{92573541-63A8-4F96-AD61-15014C53C83F}.DebugGame|Win32.ActiveCfg = BuiltWithUnrealBuildTool|Win32
		{92573541-63A8-4F96-AD61-15014C53C83F}.DebugGame|Win64.ActiveCfg = BuiltWithUnrealBuildTool|Win32
		{92573541-63A8-4F96-AD61-15014C53C83F}.Development Editor|HTML5.ActiveCfg = BuiltWithUnrealBuildTool|Win32
		{92573541-63A8-4F96-AD61-15014C53C83F}.Development Editor|Win32.ActiveCfg = BuiltWithUnrealBuildTool|Win32
		{92573541-63A8-4F96-AD61-15014C53C83F}.Development Editor|Win64.ActiveCfg = BuiltWithUnrealBuildTool|Win32
		{92573541-63A8-4F96-AD61-15014C53C83F}.Development|HTML5.ActiveCfg = BuiltWithUnrealBuildTool|Win32
		{92573541-63A8-4F96-AD61-15014C53C83F}.Development|Win32.ActiveCfg = BuiltWithUnrealBuildTool|Win32
		{92573541-63A8-4F96-AD61-15014C53C83F}.Development|Win64.ActiveCfg = BuiltWithUnrealBuildTool|Win32
		{92573541-63A8-4F96-AD61-15014C53C83F}.Shipping|HTML5.ActiveCfg = BuiltWithUnrealBuildTool|Win32
		{92573541-63A8-4F96-AD61-15014C53C83F}.Shipping|Win32.ActiveCfg = BuiltWithUnrealBuildTool|Win32
		{92573541-63A8-4F96-AD61-15014C53C83F}.Shipping|Win64.ActiveCfg = BuiltWithUnrealBuildTool|Win32
		{5FEF274B-D1D7-4D65-9AD9-C6ADF7C81794}.DebugGame Editor|HTML5.ActiveCfg = Invalid|Win32
		{5FEF274B-D1D7-4D65-9AD9-C6ADF7C81794}.DebugGame Editor|Win32.ActiveCfg = Invalid|Win32
		{5FEF274B-D1D7-4D65-9AD9-C6ADF7C81794}.DebugGame Editor|Win64.ActiveCfg = DebugGame_Editor|x64
		{5FEF274B-D1D7-4D65-9AD9-C6ADF7C81794}.DebugGame Editor|Win64.Build.0 = DebugGame_Editor|x64
		{5FEF274B-D1D7-4D65-9AD9-C6ADF7C81794}.DebugGame|HTML5.ActiveCfg = HTML5_DebugGame|Win32
		{5FEF274B-D1D7-4D65-9AD9-C6ADF7C81794}.DebugGame|HTML5.Build.0 = HTML5_DebugGame|Win32
		{5FEF274B-D1D7-4D65-9AD9-C6ADF7C81794}.DebugGame|Win32.ActiveCfg = DebugGame|Win32
		{5FEF274B-D1D7-4D65-9AD9-C6ADF7C81794}.DebugGame|Win32.Build.0 = DebugGame|Win32
		{5FEF274B-D1D7-4D65-9AD9-C6ADF7C81794}.DebugGame|Win64.ActiveCfg = DebugGame|x64
		{5FEF274B-D1D7-4D65-9AD9-C6ADF7C81794}.DebugGame|Win64.Build.0 = DebugGame|x64
		{5FEF274B-D1D7-4D65-9AD9-C6ADF7C81794}.Development Editor|HTML5.ActiveCfg = Invalid|Win32
		{5FEF274B-D1D7-4D65-9AD9-C6ADF7C81794}.Development Editor|Win32.ActiveCfg = Invalid|Win32
		{5FEF274B-D1D7-4D65-9AD9-C6ADF7C81794}.Development Editor|Win64.ActiveCfg = Development_Editor|x64
		{5FEF274B-D1D7-4D65-9AD9-C6ADF7C81794}.Development Editor|Win64.Build.0 = Development_Editor|x64
		{5FEF274B-D1D7-4D65-9AD9-C6ADF7C81794}.Development|HTML5.ActiveCfg = HTML5_Development|Win32
		{5FEF274B-D1D7-4D65-9AD9-C6ADF7C81794}.Development|HTML5.Build.0 = HTML5_Development|Win32
		{5FEF274B-D1D7-4D65-9AD9-C6ADF7C81794}.Development|Win32.ActiveCfg = Development|Win32
		{5FEF274B-D1D7-4D65-9AD9-C6ADF7C81794}.Development|Win32.Build.0 = Development|Win32
		{5FEF274B-D1D7-4D65-9AD9-C6ADF7C81794}.Development|Win64.ActiveCfg = Development|x64
		{5FEF274B-D1D7-4D65-9AD9-C6ADF7C81794}.Development|Win64.Build.0 = Development|x64
		{5FEF274B-D1D7-4D65-9AD9-C6ADF7C81794}.Shipping|HTML5.ActiveCfg = HTML5_Shipping|Win32
		{5FEF274B-D1D7-4D65-9AD9-C6ADF7C81794}.Shipping|HTML5.Build.0 = HTML5_Shipping|Win32
		{5FEF274B-D1D7-4D65-9AD9-C6ADF7C81794}.Shipping|Win32.ActiveCfg = Shipping|Win32
		{5FEF274B-D1D7-4D65-9AD9-C6ADF7C81794}.Shipping|Win32.Build.0 = Shipping|Win32
		{5FEF274B-D1D7-4D65-9AD9-C6ADF7C81794}.Shipping|Win64.ActiveCfg = Shipping|x64
		{5FEF274B-D1D7-4D65-9AD9-C6ADF7C81794}.Shipping|Win64.Build.0 = Shipping|x64
	EndGlobalSection
	GlobalSection(SolutionProperties) = preSolution
		HideSolutionNode = FALSE
	EndGlobalSection
	GlobalSection(NestedProjects) = preSolution
		{92573541-63A8-4F96-AD61-15014C53C83F} = {D7054A17-F0CE-429F-80B6-0829437A93B7}
		{5FEF274B-D1D7-4D65-9AD9-C6ADF7C81794} = {FD8F3319-68FF-400D-B4A5-1993583690F7}
	EndGlobalSection
EndGlobal
