
Microsoft Visual Studio Solution File, Format Version 12.00
# Visual Studio 15
VisualStudioVersion = 15.0.25807.0
MinimumVisualStudioVersion = 10.0.40219.1
Project("{2150E333-8FDC-42A3-9474-1A3956D46DE8}") = "Engine", "Engine", "{D89AC353-29F4-4617-A5EA-D9EE0F455D6C}"
EndProject
Project("{2150E333-8FDC-42A3-9474-1A3956D46DE8}") = "Games", "Games", "{26C05705-4445-410A-9DC8-297827B69D1C}"
EndProject
Project("{8BC9CEB8-8B4A-11D0-8D11-00A0C91BC942}") = "UE4", "Intermediate\ProjectFiles\UE4.vcxproj", "{15566997-46AB-4801-8765-9039D28160E8}"
EndProject
Project("{8BC9CEB8-8B4A-11D0-8D11-00A0C91BC942}") = "CPP_W3", "Intermediate\ProjectFiles\CPP_W3.vcxproj", "{6DC76124-6DCF-45B0-810C-36BC28A2E0BE}"
EndProject
Project("{2150E333-8FDC-42A3-9474-1A3956D46DE8}") = "Visualizers", "Visualizers", "{0A9AC97F-F380-4BA8-9143-3AFC52347AD5}"
	ProjectSection(SolutionItems) = preProject
		..\..\..\..\..\Program Files\Epic Games\UE_4.22\Engine\Extras\VisualStudioDebugging\UE4.natvis = ..\..\..\..\..\Program Files\Epic Games\UE_4.22\Engine\Extras\VisualStudioDebugging\UE4.natvis
	EndProjectSection
EndProject
Global
	GlobalSection(SolutionConfigurationPlatforms) = preSolution
		DebugGame Editor|HTML5 = DebugGame Editor|HTML5
		DebugGame Editor|Win32 = DebugGame Editor|Win32
		DebugGame Editor|Win64 = DebugGame Editor|Win64
		DebugGame|HTML5 = DebugGame|HTML5
		DebugGame|Win32 = DebugGame|Win32
		DebugGame|Win64 = DebugGame|Win64
		Development Editor|HTML5 = Development Editor|HTML5
		Development Editor|Win32 = Development Editor|Win32
		Development Editor|Win64 = Development Editor|Win64
		Development|HTML5 = Development|HTML5
		Development|Win32 = Development|Win32
		Development|Win64 = Development|Win64
		Shipping|HTML5 = Shipping|HTML5
		Shipping|Win32 = Shipping|Win32
		Shipping|Win64 = Shipping|Win64
	EndGlobalSection
	GlobalSection(ProjectConfigurationPlatforms) = postSolution
		{15566997-46AB-4801-8765-9039D28160E8}.DebugGame Editor|HTML5.ActiveCfg = BuiltWithUnrealBuildTool|Win32
		{15566997-46AB-4801-8765-9039D28160E8}.DebugGame Editor|Win32.ActiveCfg = BuiltWithUnrealBuildTool|Win32
		{15566997-46AB-4801-8765-9039D28160E8}.DebugGame Editor|Win64.ActiveCfg = BuiltWithUnrealBuildTool|Win32
		{15566997-46AB-4801-8765-9039D28160E8}.DebugGame|HTML5.ActiveCfg = BuiltWithUnrealBuildTool|Win32
		{15566997-46AB-4801-8765-9039D28160E8}.DebugGame|Win32.ActiveCfg = BuiltWithUnrealBuildTool|Win32
		{15566997-46AB-4801-8765-9039D28160E8}.DebugGame|Win64.ActiveCfg = BuiltWithUnrealBuildTool|Win32
		{15566997-46AB-4801-8765-9039D28160E8}.Development Editor|HTML5.ActiveCfg = BuiltWithUnrealBuildTool|Win32
		{15566997-46AB-4801-8765-9039D28160E8}.Development Editor|Win32.ActiveCfg = BuiltWithUnrealBuildTool|Win32
		{15566997-46AB-4801-8765-9039D28160E8}.Development Editor|Win64.ActiveCfg = BuiltWithUnrealBuildTool|Win32
		{15566997-46AB-4801-8765-9039D28160E8}.Development|HTML5.ActiveCfg = BuiltWithUnrealBuildTool|Win32
		{15566997-46AB-4801-8765-9039D28160E8}.Development|Win32.ActiveCfg = BuiltWithUnrealBuildTool|Win32
		{15566997-46AB-4801-8765-9039D28160E8}.Development|Win64.ActiveCfg = BuiltWithUnrealBuildTool|Win32
		{15566997-46AB-4801-8765-9039D28160E8}.Shipping|HTML5.ActiveCfg = BuiltWithUnrealBuildTool|Win32
		{15566997-46AB-4801-8765-9039D28160E8}.Shipping|Win32.ActiveCfg = BuiltWithUnrealBuildTool|Win32
		{15566997-46AB-4801-8765-9039D28160E8}.Shipping|Win64.ActiveCfg = BuiltWithUnrealBuildTool|Win32
		{6DC76124-6DCF-45B0-810C-36BC28A2E0BE}.DebugGame Editor|HTML5.ActiveCfg = Invalid|Win32
		{6DC76124-6DCF-45B0-810C-36BC28A2E0BE}.DebugGame Editor|Win32.ActiveCfg = Invalid|Win32
		{6DC76124-6DCF-45B0-810C-36BC28A2E0BE}.DebugGame Editor|Win64.ActiveCfg = DebugGame_Editor|x64
		{6DC76124-6DCF-45B0-810C-36BC28A2E0BE}.DebugGame Editor|Win64.Build.0 = DebugGame_Editor|x64
		{6DC76124-6DCF-45B0-810C-36BC28A2E0BE}.DebugGame|HTML5.ActiveCfg = HTML5_DebugGame|Win32
		{6DC76124-6DCF-45B0-810C-36BC28A2E0BE}.DebugGame|HTML5.Build.0 = HTML5_DebugGame|Win32
		{6DC76124-6DCF-45B0-810C-36BC28A2E0BE}.DebugGame|Win32.ActiveCfg = DebugGame|Win32
		{6DC76124-6DCF-45B0-810C-36BC28A2E0BE}.DebugGame|Win32.Build.0 = DebugGame|Win32
		{6DC76124-6DCF-45B0-810C-36BC28A2E0BE}.DebugGame|Win64.ActiveCfg = DebugGame|x64
		{6DC76124-6DCF-45B0-810C-36BC28A2E0BE}.DebugGame|Win64.Build.0 = DebugGame|x64
		{6DC76124-6DCF-45B0-810C-36BC28A2E0BE}.Development Editor|HTML5.ActiveCfg = Invalid|Win32
		{6DC76124-6DCF-45B0-810C-36BC28A2E0BE}.Development Editor|Win32.ActiveCfg = Invalid|Win32
		{6DC76124-6DCF-45B0-810C-36BC28A2E0BE}.Development Editor|Win64.ActiveCfg = Development_Editor|x64
		{6DC76124-6DCF-45B0-810C-36BC28A2E0BE}.Development Editor|Win64.Build.0 = Development_Editor|x64
		{6DC76124-6DCF-45B0-810C-36BC28A2E0BE}.Development|HTML5.ActiveCfg = HTML5_Development|Win32
		{6DC76124-6DCF-45B0-810C-36BC28A2E0BE}.Development|HTML5.Build.0 = HTML5_Development|Win32
		{6DC76124-6DCF-45B0-810C-36BC28A2E0BE}.Development|Win32.ActiveCfg = Development|Win32
		{6DC76124-6DCF-45B0-810C-36BC28A2E0BE}.Development|Win32.Build.0 = Development|Win32
		{6DC76124-6DCF-45B0-810C-36BC28A2E0BE}.Development|Win64.ActiveCfg = Development|x64
		{6DC76124-6DCF-45B0-810C-36BC28A2E0BE}.Development|Win64.Build.0 = Development|x64
		{6DC76124-6DCF-45B0-810C-36BC28A2E0BE}.Shipping|HTML5.ActiveCfg = HTML5_Shipping|Win32
		{6DC76124-6DCF-45B0-810C-36BC28A2E0BE}.Shipping|HTML5.Build.0 = HTML5_Shipping|Win32
		{6DC76124-6DCF-45B0-810C-36BC28A2E0BE}.Shipping|Win32.ActiveCfg = Shipping|Win32
		{6DC76124-6DCF-45B0-810C-36BC28A2E0BE}.Shipping|Win32.Build.0 = Shipping|Win32
		{6DC76124-6DCF-45B0-810C-36BC28A2E0BE}.Shipping|Win64.ActiveCfg = Shipping|x64
		{6DC76124-6DCF-45B0-810C-36BC28A2E0BE}.Shipping|Win64.Build.0 = Shipping|x64
	EndGlobalSection
	GlobalSection(SolutionProperties) = preSolution
		HideSolutionNode = FALSE
	EndGlobalSection
	GlobalSection(NestedProjects) = preSolution
		{15566997-46AB-4801-8765-9039D28160E8} = {D89AC353-29F4-4617-A5EA-D9EE0F455D6C}
		{6DC76124-6DCF-45B0-810C-36BC28A2E0BE} = {26C05705-4445-410A-9DC8-297827B69D1C}
	EndGlobalSection
EndGlobal
