
Microsoft Visual Studio Solution File, Format Version 12.00
# Visual Studio 15
VisualStudioVersion = 15.0.25807.0
MinimumVisualStudioVersion = 10.0.40219.1
Project("{2150E333-8FDC-42A3-9474-1A3956D46DE8}") = "Engine", "Engine", "{BD37E5A0-72B7-4B83-9783-2E410B62B773}"
EndProject
Project("{2150E333-8FDC-42A3-9474-1A3956D46DE8}") = "Games", "Games", "{9C31BECB-B404-4CFF-8CED-86F06AFCD3A5}"
EndProject
Project("{8BC9CEB8-8B4A-11D0-8D11-00A0C91BC942}") = "UE4", "Intermediate\ProjectFiles\UE4.vcxproj", "{EDCBFE69-64E5-4314-BDF2-B4A2FC1451CA}"
EndProject
Project("{8BC9CEB8-8B4A-11D0-8D11-00A0C91BC942}") = "Week5", "Intermediate\ProjectFiles\Week5.vcxproj", "{7F209A74-C199-45FD-8C58-8DE18A68E487}"
EndProject
Project("{2150E333-8FDC-42A3-9474-1A3956D46DE8}") = "Visualizers", "Visualizers", "{021E951A-47CE-4396-A140-DA66F8FFDFAD}"
	ProjectSection(SolutionItems) = preProject
		..\..\..\..\..\Program Files\Epic Games\UE_4.22\Engine\Extras\VisualStudioDebugging\UE4.natvis = ..\..\..\..\..\Program Files\Epic Games\UE_4.22\Engine\Extras\VisualStudioDebugging\UE4.natvis
	EndProjectSection
EndProject
Global
	GlobalSection(SolutionConfigurationPlatforms) = preSolution
		DebugGame Editor|HTML5 = DebugGame Editor|HTML5
		DebugGame Editor|Win32 = DebugGame Editor|Win32
		DebugGame Editor|Win64 = DebugGame Editor|Win64
		DebugGame|HTML5 = DebugGame|HTML5
		DebugGame|Win32 = DebugGame|Win32
		DebugGame|Win64 = DebugGame|Win64
		Development Editor|HTML5 = Development Editor|HTML5
		Development Editor|Win32 = Development Editor|Win32
		Development Editor|Win64 = Development Editor|Win64
		Development|HTML5 = Development|HTML5
		Development|Win32 = Development|Win32
		Development|Win64 = Development|Win64
		Shipping|HTML5 = Shipping|HTML5
		Shipping|Win32 = Shipping|Win32
		Shipping|Win64 = Shipping|Win64
	EndGlobalSection
	GlobalSection(ProjectConfigurationPlatforms) = postSolution
		{EDCBFE69-64E5-4314-BDF2-B4A2FC1451CA}.DebugGame Editor|HTML5.ActiveCfg = BuiltWithUnrealBuildTool|Win32
		{EDCBFE69-64E5-4314-BDF2-B4A2FC1451CA}.DebugGame Editor|Win32.ActiveCfg = BuiltWithUnrealBuildTool|Win32
		{EDCBFE69-64E5-4314-BDF2-B4A2FC1451CA}.DebugGame Editor|Win64.ActiveCfg = BuiltWithUnrealBuildTool|Win32
		{EDCBFE69-64E5-4314-BDF2-B4A2FC1451CA}.DebugGame|HTML5.ActiveCfg = BuiltWithUnrealBuildTool|Win32
		{EDCBFE69-64E5-4314-BDF2-B4A2FC1451CA}.DebugGame|Win32.ActiveCfg = BuiltWithUnrealBuildTool|Win32
		{EDCBFE69-64E5-4314-BDF2-B4A2FC1451CA}.DebugGame|Win64.ActiveCfg = BuiltWithUnrealBuildTool|Win32
		{EDCBFE69-64E5-4314-BDF2-B4A2FC1451CA}.Development Editor|HTML5.ActiveCfg = BuiltWithUnrealBuildTool|Win32
		{EDCBFE69-64E5-4314-BDF2-B4A2FC1451CA}.Development Editor|Win32.ActiveCfg = BuiltWithUnrealBuildTool|Win32
		{EDCBFE69-64E5-4314-BDF2-B4A2FC1451CA}.Development Editor|Win64.ActiveCfg = BuiltWithUnrealBuildTool|Win32
		{EDCBFE69-64E5-4314-BDF2-B4A2FC1451CA}.Development|HTML5.ActiveCfg = BuiltWithUnrealBuildTool|Win32
		{EDCBFE69-64E5-4314-BDF2-B4A2FC1451CA}.Development|Win32.ActiveCfg = BuiltWithUnrealBuildTool|Win32
		{EDCBFE69-64E5-4314-BDF2-B4A2FC1451CA}.Development|Win64.ActiveCfg = BuiltWithUnrealBuildTool|Win32
		{EDCBFE69-64E5-4314-BDF2-B4A2FC1451CA}.Shipping|HTML5.ActiveCfg = BuiltWithUnrealBuildTool|Win32
		{EDCBFE69-64E5-4314-BDF2-B4A2FC1451CA}.Shipping|Win32.ActiveCfg = BuiltWithUnrealBuildTool|Win32
		{EDCBFE69-64E5-4314-BDF2-B4A2FC1451CA}.Shipping|Win64.ActiveCfg = BuiltWithUnrealBuildTool|Win32
		{7F209A74-C199-45FD-8C58-8DE18A68E487}.DebugGame Editor|HTML5.ActiveCfg = Invalid|Win32
		{7F209A74-C199-45FD-8C58-8DE18A68E487}.DebugGame Editor|Win32.ActiveCfg = Invalid|Win32
		{7F209A74-C199-45FD-8C58-8DE18A68E487}.DebugGame Editor|Win64.ActiveCfg = DebugGame_Editor|x64
		{7F209A74-C199-45FD-8C58-8DE18A68E487}.DebugGame Editor|Win64.Build.0 = DebugGame_Editor|x64
		{7F209A74-C199-45FD-8C58-8DE18A68E487}.DebugGame|HTML5.ActiveCfg = HTML5_DebugGame|Win32
		{7F209A74-C199-45FD-8C58-8DE18A68E487}.DebugGame|HTML5.Build.0 = HTML5_DebugGame|Win32
		{7F209A74-C199-45FD-8C58-8DE18A68E487}.DebugGame|Win32.ActiveCfg = DebugGame|Win32
		{7F209A74-C199-45FD-8C58-8DE18A68E487}.DebugGame|Win32.Build.0 = DebugGame|Win32
		{7F209A74-C199-45FD-8C58-8DE18A68E487}.DebugGame|Win64.ActiveCfg = DebugGame|x64
		{7F209A74-C199-45FD-8C58-8DE18A68E487}.DebugGame|Win64.Build.0 = DebugGame|x64
		{7F209A74-C199-45FD-8C58-8DE18A68E487}.Development Editor|HTML5.ActiveCfg = Invalid|Win32
		{7F209A74-C199-45FD-8C58-8DE18A68E487}.Development Editor|Win32.ActiveCfg = Invalid|Win32
		{7F209A74-C199-45FD-8C58-8DE18A68E487}.Development Editor|Win64.ActiveCfg = Development_Editor|x64
		{7F209A74-C199-45FD-8C58-8DE18A68E487}.Development Editor|Win64.Build.0 = Development_Editor|x64
		{7F209A74-C199-45FD-8C58-8DE18A68E487}.Development|HTML5.ActiveCfg = HTML5_Development|Win32
		{7F209A74-C199-45FD-8C58-8DE18A68E487}.Development|HTML5.Build.0 = HTML5_Development|Win32
		{7F209A74-C199-45FD-8C58-8DE18A68E487}.Development|Win32.ActiveCfg = Development|Win32
		{7F209A74-C199-45FD-8C58-8DE18A68E487}.Development|Win32.Build.0 = Development|Win32
		{7F209A74-C199-45FD-8C58-8DE18A68E487}.Development|Win64.ActiveCfg = Development|x64
		{7F209A74-C199-45FD-8C58-8DE18A68E487}.Development|Win64.Build.0 = Development|x64
		{7F209A74-C199-45FD-8C58-8DE18A68E487}.Shipping|HTML5.ActiveCfg = HTML5_Shipping|Win32
		{7F209A74-C199-45FD-8C58-8DE18A68E487}.Shipping|HTML5.Build.0 = HTML5_Shipping|Win32
		{7F209A74-C199-45FD-8C58-8DE18A68E487}.Shipping|Win32.ActiveCfg = Shipping|Win32
		{7F209A74-C199-45FD-8C58-8DE18A68E487}.Shipping|Win32.Build.0 = Shipping|Win32
		{7F209A74-C199-45FD-8C58-8DE18A68E487}.Shipping|Win64.ActiveCfg = Shipping|x64
		{7F209A74-C199-45FD-8C58-8DE18A68E487}.Shipping|Win64.Build.0 = Shipping|x64
	EndGlobalSection
	GlobalSection(SolutionProperties) = preSolution
		HideSolutionNode = FALSE
	EndGlobalSection
	GlobalSection(NestedProjects) = preSolution
		{EDCBFE69-64E5-4314-BDF2-B4A2FC1451CA} = {BD37E5A0-72B7-4B83-9783-2E410B62B773}
		{7F209A74-C199-45FD-8C58-8DE18A68E487} = {9C31BECB-B404-4CFF-8CED-86F06AFCD3A5}
	EndGlobalSection
EndGlobal
